
Microsoft Visual Studio Solution File, Format Version 11.00
# Visual Studio 2010
Project("{F184B08F-C81C-45F6-A57F-5ABD9991F28F}") = "ball_game_vb", "ball_game_vb\ball_game_vb.vbproj", "{A1F89AAD-5C51-4C85-B882-14E335A83BA1}"
EndProject
Global
	GlobalSection(SolutionConfigurationPlatforms) = preSolution
		Debug|x86 = Debug|x86
		Release|x86 = Release|x86
	EndGlobalSection
	GlobalSection(ProjectConfigurationPlatforms) = postSolution
		{A1F89AAD-5C51-4C85-B882-14E335A83BA1}.Debug|x86.ActiveCfg = Debug|x86
		{A1F89AAD-5C51-4C85-B882-14E335A83BA1}.Debug|x86.Build.0 = Debug|x86
		{A1F89AAD-5C51-4C85-B882-14E335A83BA1}.Release|x86.ActiveCfg = Release|x86
		{A1F89AAD-5C51-4C85-B882-14E335A83BA1}.Release|x86.Build.0 = Release|x86
	EndGlobalSection
	GlobalSection(SolutionProperties) = preSolution
		HideSolutionNode = FALSE
	EndGlobalSection
EndGlobal
